{
  "name": "tagger",
  "version": "1.0.0",
  "lockfileVersion": 1,
  "requires": true,
  "dependencies": {
    "@types/aws-lambda": {
      "version": "8.10.47",
      "resolved": "https://registry.npmjs.org/@types/aws-lambda/-/aws-lambda-8.10.47.tgz",
      "integrity": "sha512-FIZjS1alDbH7qFpJxghmyS2g7h+DJjBj6Qhf2F4Nkz4LR+alTSvThQEAR2j9yRt7qlxDDxK/EagXDCURRSxo8A=="
    },
    "@types/lodash": {
      "version": "4.14.149",
      "resolved": "https://registry.npmjs.org/@types/lodash/-/lodash-4.14.149.tgz",
      "integrity": "sha512-ijGqzZt/b7BfzcK9vTrS6MFljQRPn5BFWOx8oE0GYxribu6uV+aA9zZuXI1zc/etK9E8nrgdoF2+LgUw7+9tJQ==",
      "dev": true
    },
    "@types/node": {
      "version": "13.11.0",
      "resolved": "https://registry.npmjs.org/@types/node/-/node-13.11.0.tgz",
      "integrity": "sha512-uM4mnmsIIPK/yeO+42F2RQhGUIs39K2RFmugcJANppXe6J1nvH87PvzPZYpza7Xhhs8Yn9yIAVdLZ84z61+0xQ=="
    },
    "cities-list": {
      "version": "1.0.3",
      "resolved": "https://registry.npmjs.org/cities-list/-/cities-list-1.0.3.tgz",
      "integrity": "sha1-yyF9GeofNV/IM9Fzp1KtmZLxJAw="
    },
    "en-inflectors": {
      "version": "1.0.12",
      "resolved": "https://registry.npmjs.org/en-inflectors/-/en-inflectors-1.0.12.tgz",
      "integrity": "sha1-/TNHdmCKAhy0ICFX8g1Sq5NK94o=",
      "requires": {
        "en-stemmer": "^1.0.2"
      }
    },
    "en-lexicon": {
      "version": "1.0.11",
      "resolved": "https://registry.npmjs.org/en-lexicon/-/en-lexicon-1.0.11.tgz",
      "integrity": "sha1-P02oqcypqQb1ELjs4RYxvj/REF8=",
      "requires": {
        "en-inflectors": "^1.0.7"
      }
    },
    "en-pos": {
      "version": "1.0.16",
      "resolved": "https://registry.npmjs.org/en-pos/-/en-pos-1.0.16.tgz",
      "integrity": "sha1-W27mfu1SqOESZ/PRX6dQEQESP7A=",
      "requires": {
        "cities-list": "^1.0.3",
        "en-inflectors": "^1.0.7",
        "en-lexicon": "^1.0.8",
        "humannames": "^1.0.5"
      }
    },
    "en-stemmer": {
      "version": "1.0.3",
      "resolved": "https://registry.npmjs.org/en-stemmer/-/en-stemmer-1.0.3.tgz",
      "integrity": "sha1-LSL7XbkAWojW/FgCazioMci8fBk="
    },
    "humannames": {
      "version": "1.0.5",
      "resolved": "https://registry.npmjs.org/humannames/-/humannames-1.0.5.tgz",
      "integrity": "sha1-pNYNQWjfhzf0smLv0j8u4yl08cU="
    },
    "lexed": {
      "version": "1.0.10",
      "resolved": "https://registry.npmjs.org/lexed/-/lexed-1.0.10.tgz",
      "integrity": "sha1-aeoQP7ElLQEh5iyRj3kKj2VCBbI="
    },
    "lodash": {
      "version": "4.17.21",
      "resolved": "https://registry.npmjs.org/lodash/-/lodash-4.17.21.tgz",
      "integrity": "sha512-v2kDEe57lecTulaDIuNTPy3Ry4gLGJ6Z1O3vE1krgXZNrsQ+LFTGHVxVjcXPs17LhbZVGedAJv8XZ1tvj5FvSg=="
    }
  }
}
